
Microsoft Visual Studio Solution File, Format Version 12.00
# Visual Studio Version 16
VisualStudioVersion = 16.0.29102.190
MinimumVisualStudioVersion = 10.0.40219.1
Project("{FAE04EC0-301F-11D3-BF4B-00C04F79EFBC}") = "Presentation.Web", "Presentation.Web\Presentation.Web\Presentation.Web.csproj", "{E6958063-D316-49EA-802C-CAF0E0D4DE65}"
EndProject
Global
	GlobalSection(SolutionConfigurationPlatforms) = preSolution
		Debug|Any CPU = Debug|Any CPU
		Release|Any CPU = Release|Any CPU
	EndGlobalSection
	GlobalSection(ProjectConfigurationPlatforms) = postSolution
		{E6958063-D316-49EA-802C-CAF0E0D4DE65}.Debug|Any CPU.ActiveCfg = Debug|Any CPU
		{E6958063-D316-49EA-802C-CAF0E0D4DE65}.Debug|Any CPU.Build.0 = Debug|Any CPU
		{E6958063-D316-49EA-802C-CAF0E0D4DE65}.Release|Any CPU.ActiveCfg = Release|Any CPU
		{E6958063-D316-49EA-802C-CAF0E0D4DE65}.Release|Any CPU.Build.0 = Release|Any CPU
	EndGlobalSection
	GlobalSection(SolutionProperties) = preSolution
		HideSolutionNode = FALSE
	EndGlobalSection
	GlobalSection(ExtensibilityGlobals) = postSolution
		SolutionGuid = {0017F6E6-A86E-4A4D-A784-ACD1E6854CF8}
	EndGlobalSection
EndGlobal
